
Microsoft Visual Studio Solution File, Format Version 12.00
# Visual Studio Version 16
VisualStudioVersion = 16.0.29418.71
MinimumVisualStudioVersion = 10.0.40219.1
Project("{9A19103F-16F7-4668-BE54-9A1E7A4F7556}") = "ExplorerBrowserSearch", "Win7\winui\shell\appplatform\ExplorerBrowserSearch\ExplorerBrowserSearch.csproj", "{BF35499A-12D1-4BEE-90C1-9C74F5236741}"
EndProject
Project("{9A19103F-16F7-4668-BE54-9A1E7A4F7556}") = "ExplorerBrowserCustomContents", "Win7\winui\shell\appplatform\ExplorerBrowserCustomContents\ExplorerBrowserCustomContents.csproj", "{DFE20AAB-EA60-4401-9FE5-C2D32F81BC11}"
EndProject
Project("{9A19103F-16F7-4668-BE54-9A1E7A4F7556}") = "ChangeNotifyWatcher", "Win7\winui\shell\appplatform\ChangeNotifyWatcher\ChangeNotifyWatcher.csproj", "{CBA2C308-CD96-407F-ACB3-B83AD7CA0B08}"
EndProject
Project("{2150E333-8FDC-42A3-9474-1A3956D46DE8}") = "Win7", "Win7", "{F64D0F04-967C-4AC2-92C0-C93C4C04AFAA}"
EndProject
Project("{2150E333-8FDC-42A3-9474-1A3956D46DE8}") = "winui", "winui", "{A74C6952-488E-4926-BE04-E17684FDAA0C}"
EndProject
Project("{2150E333-8FDC-42A3-9474-1A3956D46DE8}") = "shell", "shell", "{49EF5E85-E0CD-47CA-9489-2434649CA6FD}"
EndProject
Project("{2150E333-8FDC-42A3-9474-1A3956D46DE8}") = "appplatform", "appplatform", "{EC86EA97-FDE0-44A0-8A95-F0076988987F}"
EndProject
Project("{9A19103F-16F7-4668-BE54-9A1E7A4F7556}") = "searchfolder", "Win7\winui\shell\appplatform\searchfolder\searchfolder.csproj", "{8C0538E7-6662-4508-960F-F0193A0E02E6}"
EndProject
Project("{9A19103F-16F7-4668-BE54-9A1E7A4F7556}") = "ExecInExplorer", "Win7\winui\shell\appplatform\ExecInExplorer\ExecInExplorer.csproj", "{B3108BC1-2E87-4155-9B80-6D4DDD6C7D01}"
EndProject
Project("{9A19103F-16F7-4668-BE54-9A1E7A4F7556}") = "fileisinuse", "Win7\winui\shell\appplatform\fileisinuse\fileisinuse.csproj", "{5419B69C-7DBE-4006-B62F-38BC06935A6A}"
EndProject
Project("{2150E333-8FDC-42A3-9474-1A3956D46DE8}") = "appshellintegration", "appshellintegration", "{DF85BF81-EE96-41EF-AA3F-ED1EAE463619}"
EndProject
Project("{9A19103F-16F7-4668-BE54-9A1E7A4F7556}") = "AutomaticJumpList", "Win7\winui\shell\appshellintegration\AutomaticJumpList\AutomaticJumpList.csproj", "{095A4A6A-6A1D-4493-AC12-527199274635}"
EndProject
Project("{9A19103F-16F7-4668-BE54-9A1E7A4F7556}") = "CustomJumpList", "Win7\winui\shell\appshellintegration\CustomJumpList\CustomJumpList.csproj", "{4BFC28A4-20D7-487E-AEFB-EAD48D7BB01C}"
EndProject
Project("{9A19103F-16F7-4668-BE54-9A1E7A4F7556}") = "DropTargetVerb", "Win7\winui\shell\appshellintegration\DropTargetVerb\DropTargetVerb.csproj", "{614B6038-7A52-407E-B48C-79817C1F7669}"
EndProject
Project("{9A19103F-16F7-4668-BE54-9A1E7A4F7556}") = "PlaylistCreator", "Win7\winui\shell\appshellintegration\PlaylistCreator\PlaylistCreator.csproj", "{1294BA2E-698E-4B71-9437-55088B620849}"
EndProject
Project("{9A19103F-16F7-4668-BE54-9A1E7A4F7556}") = "fileoperations", "Win7\winui\shell\appplatform\fileoperations\fileoperations.csproj", "{C3176341-2229-42A7-A9DF-846CB8C360A9}"
EndProject
Project("{9A19103F-16F7-4668-BE54-9A1E7A4F7556}") = "ParsingWithParameters", "Win7\winui\shell\appplatform\ParsingWithParameters\ParsingWithParameters.csproj", "{4FBDBE52-2844-47F0-8D2E-CA06234E76A8}"
EndProject
Project("{FAE04EC0-301F-11D3-BF4B-00C04F79EFBC}") = "Sampler", "Sampler\Sampler.csproj", "{42D061DF-6C64-4907-B23B-38EAAE1EC701}"
EndProject
Project("{2150E333-8FDC-42A3-9474-1A3956D46DE8}") = "security", "security", "{3F7A94C8-F84A-43A3-9276-B2F5F3047394}"
EndProject
Project("{2150E333-8FDC-42A3-9474-1A3956D46DE8}") = "lsapolicy", "lsapolicy", "{057BB3A2-3548-4B4A-8D5E-B6E527D0BD3B}"
EndProject
Project("{9A19103F-16F7-4668-BE54-9A1E7A4F7556}") = "lsaprivs", "Win7\security\lsapolicy\lsaprivs\lsaprivs.csproj", "{0BF5C2B5-0F01-48B5-BE4E-5E3E13D149A6}"
EndProject
Project("{9A19103F-16F7-4668-BE54-9A1E7A4F7556}") = "machacct", "Win7\security\lsapolicy\machacct\machacct.csproj", "{9EC5AB81-93F6-4150-9F67-61A0C2207E27}"
EndProject
Project("{2150E333-8FDC-42A3-9474-1A3956D46DE8}") = "authorization", "authorization", "{EF89CDDF-DD30-43FF-A14D-05EFA08FE508}"
EndProject
Project("{9A19103F-16F7-4668-BE54-9A1E7A4F7556}") = "aclapi", "Win7\security\authorization\aclapi\aclapi.csproj", "{946AC805-126B-489D-BADF-D9823955E482}"
EndProject
Project("{9A19103F-16F7-4668-BE54-9A1E7A4F7556}") = "audit", "Win7\security\authorization\audit\audit.csproj", "{B5CB45DC-4DED-4EE2-9242-3F7B0EAEAF58}"
EndProject
Project("{9A19103F-16F7-4668-BE54-9A1E7A4F7556}") = "authz", "Win7\security\authorization\authz\authz.csproj", "{86EB6286-8842-4D4C-896B-BB7E5BB5D6D6}"
EndProject
Project("{9A19103F-16F7-4668-BE54-9A1E7A4F7556}") = "azman", "Win7\security\authorization\azman\azman.csproj", "{69DA869D-1797-4417-8102-F02D3AD7C029}"
EndProject
Project("{9A19103F-16F7-4668-BE54-9A1E7A4F7556}") = "klist", "Win7\security\authorization\klist\klist.csproj", "{DF8723BA-89E4-455F-8D0D-61859E6F4631}"
EndProject
Project("{9A19103F-16F7-4668-BE54-9A1E7A4F7556}") = "mytoken", "Win7\security\authorization\mytoken\mytoken.csproj", "{50646A7D-3564-442A-A08C-CCAF3FAA64D4}"
EndProject
Project("{9A19103F-16F7-4668-BE54-9A1E7A4F7556}") = "secprint", "Win7\security\authorization\secprint\secprint.csproj", "{D2EBE7E5-3679-471F-812D-77A3997C6BD3}"
EndProject
Project("{9A19103F-16F7-4668-BE54-9A1E7A4F7556}") = "securobj", "Win7\security\authorization\securobj\securobj.csproj", "{8FE2DF3A-4675-4577-AC0C-77D8BF8841CB}"
EndProject
Project("{9A19103F-16F7-4668-BE54-9A1E7A4F7556}") = "textsid", "Win7\security\authorization\textsid\textsid.csproj", "{DD455B6C-392A-4D04-A031-46D491722A9F}"
EndProject
Project("{2150E333-8FDC-42A3-9474-1A3956D46DE8}") = "WindowsSearch", "WindowsSearch", "{3B612B74-8DF0-4B45-8C49-4883022467C2}"
EndProject
Project("{9A19103F-16F7-4668-BE54-9A1E7A4F7556}") = "StructuredQuerySample", "Win7\winui\WindowsSearch\StructuredQuerySample\StructuredQuerySample.csproj", "{88514BF5-4E9B-4781-8F11-5A181E287BA2}"
EndProject
Project("{9A19103F-16F7-4668-BE54-9A1E7A4F7556}") = "DSearch", "Win7\winui\WindowsSearch\DSearch\DSearch.csproj", "{B0DAF5CC-6B09-48EE-9438-99BE81AC704C}"
EndProject
Project("{9A19103F-16F7-4668-BE54-9A1E7A4F7556}") = "IFilterSample", "Win7\winui\WindowsSearch\IFilterSample\IFilterSample.csproj", "{CC44E5B9-E246-44FE-81B3-82394BF84707}"
EndProject
Project("{9A19103F-16F7-4668-BE54-9A1E7A4F7556}") = "SearchEvents", "Win7\winui\WindowsSearch\SearchEvents\SearchEvents.csproj", "{A31CF827-F17B-48C1-9EB1-31D2EF87BD66}"
EndProject
Project("{2150E333-8FDC-42A3-9474-1A3956D46DE8}") = "cryptoapi", "cryptoapi", "{5FFDBDCB-7524-438E-9C4F-4FA4A9CF13A8}"
EndProject
Project("{9A19103F-16F7-4668-BE54-9A1E7A4F7556}") = "BuildChain", "Win7\security\cryptoapi\BuildChain\BuildChain.csproj", "{1721B3E2-4CE8-4FAF-A00B-766478F60B54}"
EndProject
Project("{9A19103F-16F7-4668-BE54-9A1E7A4F7556}") = "CertSelect", "Win7\security\cryptoapi\CertSelect\CertSelect.csproj", "{6E4E4DF1-9A3E-4DB6-98BC-6784125A8FF5}"
EndProject
Project("{9A19103F-16F7-4668-BE54-9A1E7A4F7556}") = "CertSign", "Win7\security\cryptoapi\CertSign\CertSign.csproj", "{6B9F3B39-7CDA-46ED-BAFC-F54A57792597}"
EndProject
Project("{9A19103F-16F7-4668-BE54-9A1E7A4F7556}") = "CreateCertificate", "Win7\security\cryptoapi\CreateCertificate\CreateCertificate.csproj", "{17C03355-60EB-4A66-A62B-DF2A8407FF8F}"
EndProject
Project("{FAE04EC0-301F-11D3-BF4B-00C04F79EFBC}") = "encrypt", "Win7\security\cryptoapi\encrypt\encrypt.csproj", "{38087D48-66EF-4379-9989-CA6F2CA7DAC9}"
EndProject
Global
	GlobalSection(SolutionConfigurationPlatforms) = preSolution
		Debug|Any CPU = Debug|Any CPU
		Release|Any CPU = Release|Any CPU
	EndGlobalSection
	GlobalSection(ProjectConfigurationPlatforms) = postSolution
		{BF35499A-12D1-4BEE-90C1-9C74F5236741}.Debug|Any CPU.ActiveCfg = Debug|Any CPU
		{BF35499A-12D1-4BEE-90C1-9C74F5236741}.Debug|Any CPU.Build.0 = Debug|Any CPU
		{BF35499A-12D1-4BEE-90C1-9C74F5236741}.Release|Any CPU.ActiveCfg = Release|Any CPU
		{BF35499A-12D1-4BEE-90C1-9C74F5236741}.Release|Any CPU.Build.0 = Release|Any CPU
		{DFE20AAB-EA60-4401-9FE5-C2D32F81BC11}.Debug|Any CPU.ActiveCfg = Debug|Any CPU
		{DFE20AAB-EA60-4401-9FE5-C2D32F81BC11}.Debug|Any CPU.Build.0 = Debug|Any CPU
		{DFE20AAB-EA60-4401-9FE5-C2D32F81BC11}.Release|Any CPU.ActiveCfg = Release|Any CPU
		{DFE20AAB-EA60-4401-9FE5-C2D32F81BC11}.Release|Any CPU.Build.0 = Release|Any CPU
		{CBA2C308-CD96-407F-ACB3-B83AD7CA0B08}.Debug|Any CPU.ActiveCfg = Debug|Any CPU
		{CBA2C308-CD96-407F-ACB3-B83AD7CA0B08}.Debug|Any CPU.Build.0 = Debug|Any CPU
		{CBA2C308-CD96-407F-ACB3-B83AD7CA0B08}.Release|Any CPU.ActiveCfg = Release|Any CPU
		{CBA2C308-CD96-407F-ACB3-B83AD7CA0B08}.Release|Any CPU.Build.0 = Release|Any CPU
		{8C0538E7-6662-4508-960F-F0193A0E02E6}.Debug|Any CPU.ActiveCfg = Debug|Any CPU
		{8C0538E7-6662-4508-960F-F0193A0E02E6}.Debug|Any CPU.Build.0 = Debug|Any CPU
		{8C0538E7-6662-4508-960F-F0193A0E02E6}.Release|Any CPU.ActiveCfg = Release|Any CPU
		{8C0538E7-6662-4508-960F-F0193A0E02E6}.Release|Any CPU.Build.0 = Release|Any CPU
		{B3108BC1-2E87-4155-9B80-6D4DDD6C7D01}.Debug|Any CPU.ActiveCfg = Debug|Any CPU
		{B3108BC1-2E87-4155-9B80-6D4DDD6C7D01}.Debug|Any CPU.Build.0 = Debug|Any CPU
		{B3108BC1-2E87-4155-9B80-6D4DDD6C7D01}.Release|Any CPU.ActiveCfg = Release|Any CPU
		{B3108BC1-2E87-4155-9B80-6D4DDD6C7D01}.Release|Any CPU.Build.0 = Release|Any CPU
		{5419B69C-7DBE-4006-B62F-38BC06935A6A}.Debug|Any CPU.ActiveCfg = Debug|Any CPU
		{5419B69C-7DBE-4006-B62F-38BC06935A6A}.Debug|Any CPU.Build.0 = Debug|Any CPU
		{5419B69C-7DBE-4006-B62F-38BC06935A6A}.Release|Any CPU.ActiveCfg = Release|Any CPU
		{5419B69C-7DBE-4006-B62F-38BC06935A6A}.Release|Any CPU.Build.0 = Release|Any CPU
		{095A4A6A-6A1D-4493-AC12-527199274635}.Debug|Any CPU.ActiveCfg = Debug|Any CPU
		{095A4A6A-6A1D-4493-AC12-527199274635}.Debug|Any CPU.Build.0 = Debug|Any CPU
		{095A4A6A-6A1D-4493-AC12-527199274635}.Release|Any CPU.ActiveCfg = Release|Any CPU
		{095A4A6A-6A1D-4493-AC12-527199274635}.Release|Any CPU.Build.0 = Release|Any CPU
		{4BFC28A4-20D7-487E-AEFB-EAD48D7BB01C}.Debug|Any CPU.ActiveCfg = Debug|Any CPU
		{4BFC28A4-20D7-487E-AEFB-EAD48D7BB01C}.Debug|Any CPU.Build.0 = Debug|Any CPU
		{4BFC28A4-20D7-487E-AEFB-EAD48D7BB01C}.Release|Any CPU.ActiveCfg = Release|Any CPU
		{4BFC28A4-20D7-487E-AEFB-EAD48D7BB01C}.Release|Any CPU.Build.0 = Release|Any CPU
		{614B6038-7A52-407E-B48C-79817C1F7669}.Debug|Any CPU.ActiveCfg = Debug|Any CPU
		{614B6038-7A52-407E-B48C-79817C1F7669}.Debug|Any CPU.Build.0 = Debug|Any CPU
		{614B6038-7A52-407E-B48C-79817C1F7669}.Release|Any CPU.ActiveCfg = Release|Any CPU
		{614B6038-7A52-407E-B48C-79817C1F7669}.Release|Any CPU.Build.0 = Release|Any CPU
		{1294BA2E-698E-4B71-9437-55088B620849}.Debug|Any CPU.ActiveCfg = Debug|Any CPU
		{1294BA2E-698E-4B71-9437-55088B620849}.Debug|Any CPU.Build.0 = Debug|Any CPU
		{1294BA2E-698E-4B71-9437-55088B620849}.Release|Any CPU.ActiveCfg = Release|Any CPU
		{1294BA2E-698E-4B71-9437-55088B620849}.Release|Any CPU.Build.0 = Release|Any CPU
		{C3176341-2229-42A7-A9DF-846CB8C360A9}.Debug|Any CPU.ActiveCfg = Debug|Any CPU
		{C3176341-2229-42A7-A9DF-846CB8C360A9}.Debug|Any CPU.Build.0 = Debug|Any CPU
		{C3176341-2229-42A7-A9DF-846CB8C360A9}.Release|Any CPU.ActiveCfg = Release|Any CPU
		{C3176341-2229-42A7-A9DF-846CB8C360A9}.Release|Any CPU.Build.0 = Release|Any CPU
		{4FBDBE52-2844-47F0-8D2E-CA06234E76A8}.Debug|Any CPU.ActiveCfg = Debug|Any CPU
		{4FBDBE52-2844-47F0-8D2E-CA06234E76A8}.Debug|Any CPU.Build.0 = Debug|Any CPU
		{4FBDBE52-2844-47F0-8D2E-CA06234E76A8}.Release|Any CPU.ActiveCfg = Release|Any CPU
		{4FBDBE52-2844-47F0-8D2E-CA06234E76A8}.Release|Any CPU.Build.0 = Release|Any CPU
		{42D061DF-6C64-4907-B23B-38EAAE1EC701}.Debug|Any CPU.ActiveCfg = Debug|Any CPU
		{42D061DF-6C64-4907-B23B-38EAAE1EC701}.Debug|Any CPU.Build.0 = Debug|Any CPU
		{42D061DF-6C64-4907-B23B-38EAAE1EC701}.Release|Any CPU.ActiveCfg = Release|Any CPU
		{42D061DF-6C64-4907-B23B-38EAAE1EC701}.Release|Any CPU.Build.0 = Release|Any CPU
		{0BF5C2B5-0F01-48B5-BE4E-5E3E13D149A6}.Debug|Any CPU.ActiveCfg = Debug|Any CPU
		{0BF5C2B5-0F01-48B5-BE4E-5E3E13D149A6}.Debug|Any CPU.Build.0 = Debug|Any CPU
		{0BF5C2B5-0F01-48B5-BE4E-5E3E13D149A6}.Release|Any CPU.ActiveCfg = Release|Any CPU
		{0BF5C2B5-0F01-48B5-BE4E-5E3E13D149A6}.Release|Any CPU.Build.0 = Release|Any CPU
		{9EC5AB81-93F6-4150-9F67-61A0C2207E27}.Debug|Any CPU.ActiveCfg = Debug|Any CPU
		{9EC5AB81-93F6-4150-9F67-61A0C2207E27}.Debug|Any CPU.Build.0 = Debug|Any CPU
		{9EC5AB81-93F6-4150-9F67-61A0C2207E27}.Release|Any CPU.ActiveCfg = Release|Any CPU
		{9EC5AB81-93F6-4150-9F67-61A0C2207E27}.Release|Any CPU.Build.0 = Release|Any CPU
		{946AC805-126B-489D-BADF-D9823955E482}.Debug|Any CPU.ActiveCfg = Debug|Any CPU
		{946AC805-126B-489D-BADF-D9823955E482}.Debug|Any CPU.Build.0 = Debug|Any CPU
		{946AC805-126B-489D-BADF-D9823955E482}.Release|Any CPU.ActiveCfg = Release|Any CPU
		{946AC805-126B-489D-BADF-D9823955E482}.Release|Any CPU.Build.0 = Release|Any CPU
		{B5CB45DC-4DED-4EE2-9242-3F7B0EAEAF58}.Debug|Any CPU.ActiveCfg = Debug|Any CPU
		{B5CB45DC-4DED-4EE2-9242-3F7B0EAEAF58}.Debug|Any CPU.Build.0 = Debug|Any CPU
		{B5CB45DC-4DED-4EE2-9242-3F7B0EAEAF58}.Release|Any CPU.ActiveCfg = Release|Any CPU
		{B5CB45DC-4DED-4EE2-9242-3F7B0EAEAF58}.Release|Any CPU.Build.0 = Release|Any CPU
		{86EB6286-8842-4D4C-896B-BB7E5BB5D6D6}.Debug|Any CPU.ActiveCfg = Debug|Any CPU
		{86EB6286-8842-4D4C-896B-BB7E5BB5D6D6}.Debug|Any CPU.Build.0 = Debug|Any CPU
		{86EB6286-8842-4D4C-896B-BB7E5BB5D6D6}.Release|Any CPU.ActiveCfg = Release|Any CPU
		{86EB6286-8842-4D4C-896B-BB7E5BB5D6D6}.Release|Any CPU.Build.0 = Release|Any CPU
		{69DA869D-1797-4417-8102-F02D3AD7C029}.Debug|Any CPU.ActiveCfg = Debug|Any CPU
		{69DA869D-1797-4417-8102-F02D3AD7C029}.Debug|Any CPU.Build.0 = Debug|Any CPU
		{69DA869D-1797-4417-8102-F02D3AD7C029}.Release|Any CPU.ActiveCfg = Release|Any CPU
		{69DA869D-1797-4417-8102-F02D3AD7C029}.Release|Any CPU.Build.0 = Release|Any CPU
		{DF8723BA-89E4-455F-8D0D-61859E6F4631}.Debug|Any CPU.ActiveCfg = Debug|Any CPU
		{DF8723BA-89E4-455F-8D0D-61859E6F4631}.Debug|Any CPU.Build.0 = Debug|Any CPU
		{DF8723BA-89E4-455F-8D0D-61859E6F4631}.Release|Any CPU.ActiveCfg = Release|Any CPU
		{DF8723BA-89E4-455F-8D0D-61859E6F4631}.Release|Any CPU.Build.0 = Release|Any CPU
		{50646A7D-3564-442A-A08C-CCAF3FAA64D4}.Debug|Any CPU.ActiveCfg = Debug|Any CPU
		{50646A7D-3564-442A-A08C-CCAF3FAA64D4}.Debug|Any CPU.Build.0 = Debug|Any CPU
		{50646A7D-3564-442A-A08C-CCAF3FAA64D4}.Release|Any CPU.ActiveCfg = Release|Any CPU
		{50646A7D-3564-442A-A08C-CCAF3FAA64D4}.Release|Any CPU.Build.0 = Release|Any CPU
		{D2EBE7E5-3679-471F-812D-77A3997C6BD3}.Debug|Any CPU.ActiveCfg = Debug|Any CPU
		{D2EBE7E5-3679-471F-812D-77A3997C6BD3}.Debug|Any CPU.Build.0 = Debug|Any CPU
		{D2EBE7E5-3679-471F-812D-77A3997C6BD3}.Release|Any CPU.ActiveCfg = Release|Any CPU
		{D2EBE7E5-3679-471F-812D-77A3997C6BD3}.Release|Any CPU.Build.0 = Release|Any CPU
		{8FE2DF3A-4675-4577-AC0C-77D8BF8841CB}.Debug|Any CPU.ActiveCfg = Debug|Any CPU
		{8FE2DF3A-4675-4577-AC0C-77D8BF8841CB}.Debug|Any CPU.Build.0 = Debug|Any CPU
		{8FE2DF3A-4675-4577-AC0C-77D8BF8841CB}.Release|Any CPU.ActiveCfg = Release|Any CPU
		{8FE2DF3A-4675-4577-AC0C-77D8BF8841CB}.Release|Any CPU.Build.0 = Release|Any CPU
		{DD455B6C-392A-4D04-A031-46D491722A9F}.Debug|Any CPU.ActiveCfg = Debug|Any CPU
		{DD455B6C-392A-4D04-A031-46D491722A9F}.Debug|Any CPU.Build.0 = Debug|Any CPU
		{DD455B6C-392A-4D04-A031-46D491722A9F}.Release|Any CPU.ActiveCfg = Release|Any CPU
		{DD455B6C-392A-4D04-A031-46D491722A9F}.Release|Any CPU.Build.0 = Release|Any CPU
		{88514BF5-4E9B-4781-8F11-5A181E287BA2}.Debug|Any CPU.ActiveCfg = Debug|Any CPU
		{88514BF5-4E9B-4781-8F11-5A181E287BA2}.Debug|Any CPU.Build.0 = Debug|Any CPU
		{88514BF5-4E9B-4781-8F11-5A181E287BA2}.Release|Any CPU.ActiveCfg = Release|Any CPU
		{88514BF5-4E9B-4781-8F11-5A181E287BA2}.Release|Any CPU.Build.0 = Release|Any CPU
		{B0DAF5CC-6B09-48EE-9438-99BE81AC704C}.Debug|Any CPU.ActiveCfg = Debug|Any CPU
		{B0DAF5CC-6B09-48EE-9438-99BE81AC704C}.Debug|Any CPU.Build.0 = Debug|Any CPU
		{B0DAF5CC-6B09-48EE-9438-99BE81AC704C}.Release|Any CPU.ActiveCfg = Release|Any CPU
		{B0DAF5CC-6B09-48EE-9438-99BE81AC704C}.Release|Any CPU.Build.0 = Release|Any CPU
		{CC44E5B9-E246-44FE-81B3-82394BF84707}.Debug|Any CPU.ActiveCfg = Debug|Any CPU
		{CC44E5B9-E246-44FE-81B3-82394BF84707}.Debug|Any CPU.Build.0 = Debug|Any CPU
		{CC44E5B9-E246-44FE-81B3-82394BF84707}.Release|Any CPU.ActiveCfg = Release|Any CPU
		{CC44E5B9-E246-44FE-81B3-82394BF84707}.Release|Any CPU.Build.0 = Release|Any CPU
		{A31CF827-F17B-48C1-9EB1-31D2EF87BD66}.Debug|Any CPU.ActiveCfg = Debug|Any CPU
		{A31CF827-F17B-48C1-9EB1-31D2EF87BD66}.Debug|Any CPU.Build.0 = Debug|Any CPU
		{A31CF827-F17B-48C1-9EB1-31D2EF87BD66}.Release|Any CPU.ActiveCfg = Release|Any CPU
		{A31CF827-F17B-48C1-9EB1-31D2EF87BD66}.Release|Any CPU.Build.0 = Release|Any CPU
		{1721B3E2-4CE8-4FAF-A00B-766478F60B54}.Debug|Any CPU.ActiveCfg = Debug|Any CPU
		{1721B3E2-4CE8-4FAF-A00B-766478F60B54}.Debug|Any CPU.Build.0 = Debug|Any CPU
		{1721B3E2-4CE8-4FAF-A00B-766478F60B54}.Release|Any CPU.ActiveCfg = Release|Any CPU
		{1721B3E2-4CE8-4FAF-A00B-766478F60B54}.Release|Any CPU.Build.0 = Release|Any CPU
		{6E4E4DF1-9A3E-4DB6-98BC-6784125A8FF5}.Debug|Any CPU.ActiveCfg = Debug|Any CPU
		{6E4E4DF1-9A3E-4DB6-98BC-6784125A8FF5}.Debug|Any CPU.Build.0 = Debug|Any CPU
		{6E4E4DF1-9A3E-4DB6-98BC-6784125A8FF5}.Release|Any CPU.ActiveCfg = Release|Any CPU
		{6E4E4DF1-9A3E-4DB6-98BC-6784125A8FF5}.Release|Any CPU.Build.0 = Release|Any CPU
		{6B9F3B39-7CDA-46ED-BAFC-F54A57792597}.Debug|Any CPU.ActiveCfg = Debug|Any CPU
		{6B9F3B39-7CDA-46ED-BAFC-F54A57792597}.Debug|Any CPU.Build.0 = Debug|Any CPU
		{6B9F3B39-7CDA-46ED-BAFC-F54A57792597}.Release|Any CPU.ActiveCfg = Release|Any CPU
		{6B9F3B39-7CDA-46ED-BAFC-F54A57792597}.Release|Any CPU.Build.0 = Release|Any CPU
		{17C03355-60EB-4A66-A62B-DF2A8407FF8F}.Debug|Any CPU.ActiveCfg = Debug|Any CPU
		{17C03355-60EB-4A66-A62B-DF2A8407FF8F}.Debug|Any CPU.Build.0 = Debug|Any CPU
		{17C03355-60EB-4A66-A62B-DF2A8407FF8F}.Release|Any CPU.ActiveCfg = Release|Any CPU
		{17C03355-60EB-4A66-A62B-DF2A8407FF8F}.Release|Any CPU.Build.0 = Release|Any CPU
		{38087D48-66EF-4379-9989-CA6F2CA7DAC9}.Debug|Any CPU.ActiveCfg = Debug|Any CPU
		{38087D48-66EF-4379-9989-CA6F2CA7DAC9}.Debug|Any CPU.Build.0 = Debug|Any CPU
		{38087D48-66EF-4379-9989-CA6F2CA7DAC9}.Release|Any CPU.ActiveCfg = Release|Any CPU
		{38087D48-66EF-4379-9989-CA6F2CA7DAC9}.Release|Any CPU.Build.0 = Release|Any CPU
	EndGlobalSection
	GlobalSection(SolutionProperties) = preSolution
		HideSolutionNode = FALSE
	EndGlobalSection
	GlobalSection(NestedProjects) = preSolution
		{BF35499A-12D1-4BEE-90C1-9C74F5236741} = {EC86EA97-FDE0-44A0-8A95-F0076988987F}
		{DFE20AAB-EA60-4401-9FE5-C2D32F81BC11} = {EC86EA97-FDE0-44A0-8A95-F0076988987F}
		{CBA2C308-CD96-407F-ACB3-B83AD7CA0B08} = {EC86EA97-FDE0-44A0-8A95-F0076988987F}
		{A74C6952-488E-4926-BE04-E17684FDAA0C} = {F64D0F04-967C-4AC2-92C0-C93C4C04AFAA}
		{49EF5E85-E0CD-47CA-9489-2434649CA6FD} = {A74C6952-488E-4926-BE04-E17684FDAA0C}
		{EC86EA97-FDE0-44A0-8A95-F0076988987F} = {49EF5E85-E0CD-47CA-9489-2434649CA6FD}
		{8C0538E7-6662-4508-960F-F0193A0E02E6} = {EC86EA97-FDE0-44A0-8A95-F0076988987F}
		{B3108BC1-2E87-4155-9B80-6D4DDD6C7D01} = {EC86EA97-FDE0-44A0-8A95-F0076988987F}
		{5419B69C-7DBE-4006-B62F-38BC06935A6A} = {EC86EA97-FDE0-44A0-8A95-F0076988987F}
		{DF85BF81-EE96-41EF-AA3F-ED1EAE463619} = {49EF5E85-E0CD-47CA-9489-2434649CA6FD}
		{095A4A6A-6A1D-4493-AC12-527199274635} = {DF85BF81-EE96-41EF-AA3F-ED1EAE463619}
		{4BFC28A4-20D7-487E-AEFB-EAD48D7BB01C} = {DF85BF81-EE96-41EF-AA3F-ED1EAE463619}
		{614B6038-7A52-407E-B48C-79817C1F7669} = {DF85BF81-EE96-41EF-AA3F-ED1EAE463619}
		{1294BA2E-698E-4B71-9437-55088B620849} = {DF85BF81-EE96-41EF-AA3F-ED1EAE463619}
		{C3176341-2229-42A7-A9DF-846CB8C360A9} = {EC86EA97-FDE0-44A0-8A95-F0076988987F}
		{4FBDBE52-2844-47F0-8D2E-CA06234E76A8} = {EC86EA97-FDE0-44A0-8A95-F0076988987F}
		{3F7A94C8-F84A-43A3-9276-B2F5F3047394} = {F64D0F04-967C-4AC2-92C0-C93C4C04AFAA}
		{057BB3A2-3548-4B4A-8D5E-B6E527D0BD3B} = {3F7A94C8-F84A-43A3-9276-B2F5F3047394}
		{0BF5C2B5-0F01-48B5-BE4E-5E3E13D149A6} = {057BB3A2-3548-4B4A-8D5E-B6E527D0BD3B}
		{9EC5AB81-93F6-4150-9F67-61A0C2207E27} = {057BB3A2-3548-4B4A-8D5E-B6E527D0BD3B}
		{EF89CDDF-DD30-43FF-A14D-05EFA08FE508} = {3F7A94C8-F84A-43A3-9276-B2F5F3047394}
		{946AC805-126B-489D-BADF-D9823955E482} = {EF89CDDF-DD30-43FF-A14D-05EFA08FE508}
		{B5CB45DC-4DED-4EE2-9242-3F7B0EAEAF58} = {EF89CDDF-DD30-43FF-A14D-05EFA08FE508}
		{86EB6286-8842-4D4C-896B-BB7E5BB5D6D6} = {EF89CDDF-DD30-43FF-A14D-05EFA08FE508}
		{69DA869D-1797-4417-8102-F02D3AD7C029} = {EF89CDDF-DD30-43FF-A14D-05EFA08FE508}
		{DF8723BA-89E4-455F-8D0D-61859E6F4631} = {EF89CDDF-DD30-43FF-A14D-05EFA08FE508}
		{50646A7D-3564-442A-A08C-CCAF3FAA64D4} = {EF89CDDF-DD30-43FF-A14D-05EFA08FE508}
		{D2EBE7E5-3679-471F-812D-77A3997C6BD3} = {EF89CDDF-DD30-43FF-A14D-05EFA08FE508}
		{8FE2DF3A-4675-4577-AC0C-77D8BF8841CB} = {EF89CDDF-DD30-43FF-A14D-05EFA08FE508}
		{DD455B6C-392A-4D04-A031-46D491722A9F} = {EF89CDDF-DD30-43FF-A14D-05EFA08FE508}
		{3B612B74-8DF0-4B45-8C49-4883022467C2} = {A74C6952-488E-4926-BE04-E17684FDAA0C}
		{88514BF5-4E9B-4781-8F11-5A181E287BA2} = {3B612B74-8DF0-4B45-8C49-4883022467C2}
		{B0DAF5CC-6B09-48EE-9438-99BE81AC704C} = {3B612B74-8DF0-4B45-8C49-4883022467C2}
		{CC44E5B9-E246-44FE-81B3-82394BF84707} = {3B612B74-8DF0-4B45-8C49-4883022467C2}
		{A31CF827-F17B-48C1-9EB1-31D2EF87BD66} = {3B612B74-8DF0-4B45-8C49-4883022467C2}
		{5FFDBDCB-7524-438E-9C4F-4FA4A9CF13A8} = {3F7A94C8-F84A-43A3-9276-B2F5F3047394}
		{1721B3E2-4CE8-4FAF-A00B-766478F60B54} = {5FFDBDCB-7524-438E-9C4F-4FA4A9CF13A8}
		{6E4E4DF1-9A3E-4DB6-98BC-6784125A8FF5} = {5FFDBDCB-7524-438E-9C4F-4FA4A9CF13A8}
		{6B9F3B39-7CDA-46ED-BAFC-F54A57792597} = {5FFDBDCB-7524-438E-9C4F-4FA4A9CF13A8}
		{17C03355-60EB-4A66-A62B-DF2A8407FF8F} = {5FFDBDCB-7524-438E-9C4F-4FA4A9CF13A8}
		{38087D48-66EF-4379-9989-CA6F2CA7DAC9} = {5FFDBDCB-7524-438E-9C4F-4FA4A9CF13A8}
	EndGlobalSection
	GlobalSection(ExtensibilityGlobals) = postSolution
		SolutionGuid = {82D57A23-9C32-4014-9AFB-25B38D08E1D1}
	EndGlobalSection
EndGlobal
