
Microsoft Visual Studio Solution File, Format Version 12.00
# Visual Studio 15
VisualStudioVersion = 15.0.28307.168
MinimumVisualStudioVersion = 10.0.40219.1
Project("{FAE04EC0-301F-11D3-BF4B-00C04F79EFBC}") = "ExplorerBrowserSearch", "Win7\winui\shell\appplatform\ExplorerBrowserSearch\ExplorerBrowserSearch.csproj", "{BF35499A-12D1-4BEE-90C1-9C74F5236741}"
EndProject
Project("{FAE04EC0-301F-11D3-BF4B-00C04F79EFBC}") = "ExplorerBrowserCustomContents", "Win7\winui\shell\appplatform\ExplorerBrowserCustomContents\ExplorerBrowserCustomContents.csproj", "{DFE20AAB-EA60-4401-9FE5-C2D32F81BC11}"
EndProject
Project("{FAE04EC0-301F-11D3-BF4B-00C04F79EFBC}") = "ChangeNotifyWatcher", "Win7\winui\shell\appplatform\ChangeNotifyWatcher\ChangeNotifyWatcher.csproj", "{CBA2C308-CD96-407F-ACB3-B83AD7CA0B08}"
EndProject
Project("{2150E333-8FDC-42A3-9474-1A3956D46DE8}") = "Win7", "Win7", "{F64D0F04-967C-4AC2-92C0-C93C4C04AFAA}"
EndProject
Project("{2150E333-8FDC-42A3-9474-1A3956D46DE8}") = "winui", "winui", "{A74C6952-488E-4926-BE04-E17684FDAA0C}"
EndProject
Project("{2150E333-8FDC-42A3-9474-1A3956D46DE8}") = "shell", "shell", "{49EF5E85-E0CD-47CA-9489-2434649CA6FD}"
EndProject
Project("{2150E333-8FDC-42A3-9474-1A3956D46DE8}") = "appplatform", "appplatform", "{EC86EA97-FDE0-44A0-8A95-F0076988987F}"
EndProject
Project("{FAE04EC0-301F-11D3-BF4B-00C04F79EFBC}") = "searchfolder", "Win7\winui\shell\appplatform\searchfolder\searchfolder.csproj", "{8C0538E7-6662-4508-960F-F0193A0E02E6}"
EndProject
Project("{FAE04EC0-301F-11D3-BF4B-00C04F79EFBC}") = "ExecInExplorer", "Win7\winui\shell\appplatform\ExecInExplorer\ExecInExplorer.csproj", "{B3108BC1-2E87-4155-9B80-6D4DDD6C7D01}"
EndProject
Project("{FAE04EC0-301F-11D3-BF4B-00C04F79EFBC}") = "fileisinuse", "Win7\winui\shell\appplatform\fileisinuse\fileisinuse.csproj", "{5419B69C-7DBE-4006-B62F-38BC06935A6A}"
EndProject
Project("{2150E333-8FDC-42A3-9474-1A3956D46DE8}") = "appshellintegration", "appshellintegration", "{DF85BF81-EE96-41EF-AA3F-ED1EAE463619}"
EndProject
Project("{FAE04EC0-301F-11D3-BF4B-00C04F79EFBC}") = "AutomaticJumpList", "Win7\winui\shell\appshellintegration\AutomaticJumpList\AutomaticJumpList.csproj", "{095A4A6A-6A1D-4493-AC12-527199274635}"
EndProject
Project("{FAE04EC0-301F-11D3-BF4B-00C04F79EFBC}") = "CustomJumpList", "Win7\winui\shell\appshellintegration\CustomJumpList\CustomJumpList.csproj", "{4BFC28A4-20D7-487E-AEFB-EAD48D7BB01C}"
EndProject
Project("{FAE04EC0-301F-11D3-BF4B-00C04F79EFBC}") = "DropTargetVerb", "Win7\winui\shell\appshellintegration\DropTargetVerb\DropTargetVerb.csproj", "{614B6038-7A52-407E-B48C-79817C1F7669}"
EndProject
Global
	GlobalSection(SolutionConfigurationPlatforms) = preSolution
		Debug|Any CPU = Debug|Any CPU
		Release|Any CPU = Release|Any CPU
	EndGlobalSection
	GlobalSection(ProjectConfigurationPlatforms) = postSolution
		{BF35499A-12D1-4BEE-90C1-9C74F5236741}.Debug|Any CPU.ActiveCfg = Debug|Any CPU
		{BF35499A-12D1-4BEE-90C1-9C74F5236741}.Debug|Any CPU.Build.0 = Debug|Any CPU
		{BF35499A-12D1-4BEE-90C1-9C74F5236741}.Release|Any CPU.ActiveCfg = Release|Any CPU
		{BF35499A-12D1-4BEE-90C1-9C74F5236741}.Release|Any CPU.Build.0 = Release|Any CPU
		{DFE20AAB-EA60-4401-9FE5-C2D32F81BC11}.Debug|Any CPU.ActiveCfg = Debug|Any CPU
		{DFE20AAB-EA60-4401-9FE5-C2D32F81BC11}.Debug|Any CPU.Build.0 = Debug|Any CPU
		{DFE20AAB-EA60-4401-9FE5-C2D32F81BC11}.Release|Any CPU.ActiveCfg = Release|Any CPU
		{DFE20AAB-EA60-4401-9FE5-C2D32F81BC11}.Release|Any CPU.Build.0 = Release|Any CPU
		{CBA2C308-CD96-407F-ACB3-B83AD7CA0B08}.Debug|Any CPU.ActiveCfg = Debug|Any CPU
		{CBA2C308-CD96-407F-ACB3-B83AD7CA0B08}.Debug|Any CPU.Build.0 = Debug|Any CPU
		{CBA2C308-CD96-407F-ACB3-B83AD7CA0B08}.Release|Any CPU.ActiveCfg = Release|Any CPU
		{CBA2C308-CD96-407F-ACB3-B83AD7CA0B08}.Release|Any CPU.Build.0 = Release|Any CPU
		{8C0538E7-6662-4508-960F-F0193A0E02E6}.Debug|Any CPU.ActiveCfg = Debug|Any CPU
		{8C0538E7-6662-4508-960F-F0193A0E02E6}.Debug|Any CPU.Build.0 = Debug|Any CPU
		{8C0538E7-6662-4508-960F-F0193A0E02E6}.Release|Any CPU.ActiveCfg = Release|Any CPU
		{8C0538E7-6662-4508-960F-F0193A0E02E6}.Release|Any CPU.Build.0 = Release|Any CPU
		{B3108BC1-2E87-4155-9B80-6D4DDD6C7D01}.Debug|Any CPU.ActiveCfg = Debug|Any CPU
		{B3108BC1-2E87-4155-9B80-6D4DDD6C7D01}.Debug|Any CPU.Build.0 = Debug|Any CPU
		{B3108BC1-2E87-4155-9B80-6D4DDD6C7D01}.Release|Any CPU.ActiveCfg = Release|Any CPU
		{B3108BC1-2E87-4155-9B80-6D4DDD6C7D01}.Release|Any CPU.Build.0 = Release|Any CPU
		{5419B69C-7DBE-4006-B62F-38BC06935A6A}.Debug|Any CPU.ActiveCfg = Debug|Any CPU
		{5419B69C-7DBE-4006-B62F-38BC06935A6A}.Debug|Any CPU.Build.0 = Debug|Any CPU
		{5419B69C-7DBE-4006-B62F-38BC06935A6A}.Release|Any CPU.ActiveCfg = Release|Any CPU
		{5419B69C-7DBE-4006-B62F-38BC06935A6A}.Release|Any CPU.Build.0 = Release|Any CPU
		{095A4A6A-6A1D-4493-AC12-527199274635}.Debug|Any CPU.ActiveCfg = Debug|Any CPU
		{095A4A6A-6A1D-4493-AC12-527199274635}.Debug|Any CPU.Build.0 = Debug|Any CPU
		{095A4A6A-6A1D-4493-AC12-527199274635}.Release|Any CPU.ActiveCfg = Release|Any CPU
		{095A4A6A-6A1D-4493-AC12-527199274635}.Release|Any CPU.Build.0 = Release|Any CPU
		{4BFC28A4-20D7-487E-AEFB-EAD48D7BB01C}.Debug|Any CPU.ActiveCfg = Debug|Any CPU
		{4BFC28A4-20D7-487E-AEFB-EAD48D7BB01C}.Debug|Any CPU.Build.0 = Debug|Any CPU
		{4BFC28A4-20D7-487E-AEFB-EAD48D7BB01C}.Release|Any CPU.ActiveCfg = Release|Any CPU
		{4BFC28A4-20D7-487E-AEFB-EAD48D7BB01C}.Release|Any CPU.Build.0 = Release|Any CPU
		{614B6038-7A52-407E-B48C-79817C1F7669}.Debug|Any CPU.ActiveCfg = Debug|Any CPU
		{614B6038-7A52-407E-B48C-79817C1F7669}.Debug|Any CPU.Build.0 = Debug|Any CPU
		{614B6038-7A52-407E-B48C-79817C1F7669}.Release|Any CPU.ActiveCfg = Release|Any CPU
		{614B6038-7A52-407E-B48C-79817C1F7669}.Release|Any CPU.Build.0 = Release|Any CPU
	EndGlobalSection
	GlobalSection(SolutionProperties) = preSolution
		HideSolutionNode = FALSE
	EndGlobalSection
	GlobalSection(NestedProjects) = preSolution
		{BF35499A-12D1-4BEE-90C1-9C74F5236741} = {EC86EA97-FDE0-44A0-8A95-F0076988987F}
		{DFE20AAB-EA60-4401-9FE5-C2D32F81BC11} = {EC86EA97-FDE0-44A0-8A95-F0076988987F}
		{CBA2C308-CD96-407F-ACB3-B83AD7CA0B08} = {EC86EA97-FDE0-44A0-8A95-F0076988987F}
		{A74C6952-488E-4926-BE04-E17684FDAA0C} = {F64D0F04-967C-4AC2-92C0-C93C4C04AFAA}
		{49EF5E85-E0CD-47CA-9489-2434649CA6FD} = {A74C6952-488E-4926-BE04-E17684FDAA0C}
		{EC86EA97-FDE0-44A0-8A95-F0076988987F} = {49EF5E85-E0CD-47CA-9489-2434649CA6FD}
		{8C0538E7-6662-4508-960F-F0193A0E02E6} = {EC86EA97-FDE0-44A0-8A95-F0076988987F}
		{B3108BC1-2E87-4155-9B80-6D4DDD6C7D01} = {EC86EA97-FDE0-44A0-8A95-F0076988987F}
		{5419B69C-7DBE-4006-B62F-38BC06935A6A} = {EC86EA97-FDE0-44A0-8A95-F0076988987F}
		{DF85BF81-EE96-41EF-AA3F-ED1EAE463619} = {49EF5E85-E0CD-47CA-9489-2434649CA6FD}
		{095A4A6A-6A1D-4493-AC12-527199274635} = {DF85BF81-EE96-41EF-AA3F-ED1EAE463619}
		{4BFC28A4-20D7-487E-AEFB-EAD48D7BB01C} = {DF85BF81-EE96-41EF-AA3F-ED1EAE463619}
		{614B6038-7A52-407E-B48C-79817C1F7669} = {DF85BF81-EE96-41EF-AA3F-ED1EAE463619}
	EndGlobalSection
	GlobalSection(ExtensibilityGlobals) = postSolution
		SolutionGuid = {82D57A23-9C32-4014-9AFB-25B38D08E1D1}
	EndGlobalSection
EndGlobal
